FORGE
  remote: https://forgeapi.puppetlabs.com
  specs:
    example42-network (3.1.22)
      example42-stdmod (>= 0.0.1)
      puppetlabs-concat (>= 1.0.0)
      puppetlabs-stdlib (>= 2.0.1)
    example42-php (2.0.20)
      example42-puppi (>= 2.0.0)
    example42-puppi (2.1.11)
    example42-stdmod (0.0.4)
      puppetlabs-stdlib (>= 0)
    nanliu-staging (1.0.3)
    puppetlabs-apache (1.5.0)
      puppetlabs-concat (< 2.0.0, >= 1.1.1)
      puppetlabs-stdlib (< 5.0.0, >= 2.4.0)
    puppetlabs-concat (1.2.3)
      puppetlabs-stdlib (< 5.0.0, >= 3.2.0)
    puppetlabs-mysql (3.4.0)
      nanliu-staging (~> 1.0)
      puppetlabs-stdlib (< 5.0.0, >= 3.2.0)
    puppetlabs-stdlib (4.6.0)

DEPENDENCIES
  example42-network (>= 0)
  example42-php (>= 0)
  puppetlabs-apache (>= 0)
  puppetlabs-mysql (>= 0)
  puppetlabs-stdlib (>= 0)

